
Microsoft Visual Studio Solution File, Format Version 12.00
# Visual Studio Version 17
VisualStudioVersion = 17.7.34003.232
MinimumVisualStudioVersion = 10.0.40219.1
Project("{FAE04EC0-301F-11D3-BF4B-00C04F79EFBC}") = "WPF_SMTP_Client", "WPF_SMTP_Client\WPF_SMTP_Client.csproj", "{D97316D9-F2AE-4CF3-82E4-3EBC4E6F97EE}"
EndProject
Global
	GlobalSection(SolutionConfigurationPlatforms) = preSolution
		Debug|Any CPU = Debug|Any CPU
		Release|Any CPU = Release|Any CPU
	EndGlobalSection
	GlobalSection(ProjectConfigurationPlatforms) = postSolution
		{D97316D9-F2AE-4CF3-82E4-3EBC4E6F97EE}.Debug|Any CPU.ActiveCfg = Debug|Any CPU
		{D97316D9-F2AE-4CF3-82E4-3EBC4E6F97EE}.Debug|Any CPU.Build.0 = Debug|Any CPU
		{D97316D9-F2AE-4CF3-82E4-3EBC4E6F97EE}.Release|Any CPU.ActiveCfg = Release|Any CPU
		{D97316D9-F2AE-4CF3-82E4-3EBC4E6F97EE}.Release|Any CPU.Build.0 = Release|Any CPU
	EndGlobalSection
	GlobalSection(SolutionProperties) = preSolution
		HideSolutionNode = FALSE
	EndGlobalSection
	GlobalSection(ExtensibilityGlobals) = postSolution
		SolutionGuid = {C3A2323A-2F1D-44D0-9C29-52744D145206}
	EndGlobalSection
EndGlobal
